
Microsoft Visual Studio Solution File, Format Version 12.00
# Visual Studio 2012
Project("{FAE04EC0-301F-11D3-BF4B-00C04F79EFBC}") = "FindCirclePairs", "FindCirclePairs\FindCirclePairs.csproj", "{5EDD32D3-5F16-49B7-9597-6C595B760485}"
EndProject
Global
	GlobalSection(SolutionConfigurationPlatforms) = preSolution
		Debug|Any CPU = Debug|Any CPU
		Release|Any CPU = Release|Any CPU
	EndGlobalSection
	GlobalSection(ProjectConfigurationPlatforms) = postSolution
		{5EDD32D3-5F16-49B7-9597-6C595B760485}.Debug|Any CPU.ActiveCfg = Debug|Any CPU
		{5EDD32D3-5F16-49B7-9597-6C595B760485}.Debug|Any CPU.Build.0 = Debug|Any CPU
		{5EDD32D3-5F16-49B7-9597-6C595B760485}.Release|Any CPU.ActiveCfg = Release|Any CPU
		{5EDD32D3-5F16-49B7-9597-6C595B760485}.Release|Any CPU.Build.0 = Release|Any CPU
	EndGlobalSection
	GlobalSection(SolutionProperties) = preSolution
		HideSolutionNode = FALSE
	EndGlobalSection
EndGlobal
